
Microsoft Visual Studio Solution File, Format Version 12.00
# Visual Studio Version 16
VisualStudioVersion = 16.0.30804.86
MinimumVisualStudioVersion = 10.0.40219.1
Project("{9A19103F-16F7-4668-BE54-9A1E7A4F7556}") = "CargoDataCollector", "CargoDataCollector\CargoDataCollector.csproj", "{9B7707E3-3619-4A16-A836-0BCE6D400C72}"
EndProject
Project("{9A19103F-16F7-4668-BE54-9A1E7A4F7556}") = "CargoDataCollector.Services", "CargoDataCollector.Services\CargoDataCollector.Services.csproj", "{620BBE8E-AAF2-46BF-8B83-EA517F90E123}"
EndProject
Project("{9A19103F-16F7-4668-BE54-9A1E7A4F7556}") = "CargoDataCollector.Tests", "CargoDataCollector.Tests\CargoDataCollector.Tests.csproj", "{C4AF7AB0-0A73-4D18-A5CD-B455A33AD906}"
EndProject
Project("{9A19103F-16F7-4668-BE54-9A1E7A4F7556}") = "CargoDataCollector.Models", "CargoDataCollector.Models\CargoDataCollector.Models.csproj", "{EEB6CD35-D595-44A5-A723-E53DA2446777}"
EndProject
Global
	GlobalSection(SolutionConfigurationPlatforms) = preSolution
		Debug|Any CPU = Debug|Any CPU
		Release|Any CPU = Release|Any CPU
	EndGlobalSection
	GlobalSection(ProjectConfigurationPlatforms) = postSolution
		{9B7707E3-3619-4A16-A836-0BCE6D400C72}.Debug|Any CPU.ActiveCfg = Debug|Any CPU
		{9B7707E3-3619-4A16-A836-0BCE6D400C72}.Debug|Any CPU.Build.0 = Debug|Any CPU
		{9B7707E3-3619-4A16-A836-0BCE6D400C72}.Release|Any CPU.ActiveCfg = Release|Any CPU
		{9B7707E3-3619-4A16-A836-0BCE6D400C72}.Release|Any CPU.Build.0 = Release|Any CPU
		{620BBE8E-AAF2-46BF-8B83-EA517F90E123}.Debug|Any CPU.ActiveCfg = Debug|Any CPU
		{620BBE8E-AAF2-46BF-8B83-EA517F90E123}.Debug|Any CPU.Build.0 = Debug|Any CPU
		{620BBE8E-AAF2-46BF-8B83-EA517F90E123}.Release|Any CPU.ActiveCfg = Release|Any CPU
		{620BBE8E-AAF2-46BF-8B83-EA517F90E123}.Release|Any CPU.Build.0 = Release|Any CPU
		{C4AF7AB0-0A73-4D18-A5CD-B455A33AD906}.Debug|Any CPU.ActiveCfg = Debug|Any CPU
		{C4AF7AB0-0A73-4D18-A5CD-B455A33AD906}.Debug|Any CPU.Build.0 = Debug|Any CPU
		{C4AF7AB0-0A73-4D18-A5CD-B455A33AD906}.Release|Any CPU.ActiveCfg = Release|Any CPU
		{C4AF7AB0-0A73-4D18-A5CD-B455A33AD906}.Release|Any CPU.Build.0 = Release|Any CPU
		{EEB6CD35-D595-44A5-A723-E53DA2446777}.Debug|Any CPU.ActiveCfg = Debug|Any CPU
		{EEB6CD35-D595-44A5-A723-E53DA2446777}.Debug|Any CPU.Build.0 = Debug|Any CPU
		{EEB6CD35-D595-44A5-A723-E53DA2446777}.Release|Any CPU.ActiveCfg = Release|Any CPU
		{EEB6CD35-D595-44A5-A723-E53DA2446777}.Release|Any CPU.Build.0 = Release|Any CPU
	EndGlobalSection
	GlobalSection(SolutionProperties) = preSolution
		HideSolutionNode = FALSE
	EndGlobalSection
	GlobalSection(ExtensibilityGlobals) = postSolution
		SolutionGuid = {83E5B3BC-3D39-4189-83C0-A88D34EBEDD8}
	EndGlobalSection
EndGlobal
